# This file is generated by running "yarn install" inside your project.
# Manual changes might be lost - proceed with caution!

__metadata:
  version: 4

"test-yarn-two-with-create-react-app@workspace:.":
  version: 0.0.0-use.local
  resolution: "test-yarn-two-with-create-react-app@workspace:."
  languageName: unknown
  linkType: soft
